
Microsoft Visual Studio Solution File, Format Version 12.00
# Visual Studio 15
VisualStudioVersion = 15.0.26730.16
MinimumVisualStudioVersion = 10.0.40219.1
Project("{FAE04EC0-301F-11D3-BF4B-00C04F79EFBC}") = "Arkanoid2.0", "Arkanoid2.0\Arkanoid2.0.csproj", "{45E6BE9C-1879-48E3-B4E4-EA9D3426C100}"
EndProject
Global
	GlobalSection(SolutionConfigurationPlatforms) = preSolution
		Debug|Any CPU = Debug|Any CPU
		Release|Any CPU = Release|Any CPU
	EndGlobalSection
	GlobalSection(ProjectConfigurationPlatforms) = postSolution
		{45E6BE9C-1879-48E3-B4E4-EA9D3426C100}.Debug|Any CPU.ActiveCfg = Debug|Any CPU
		{45E6BE9C-1879-48E3-B4E4-EA9D3426C100}.Debug|Any CPU.Build.0 = Debug|Any CPU
		{45E6BE9C-1879-48E3-B4E4-EA9D3426C100}.Release|Any CPU.ActiveCfg = Release|Any CPU
		{45E6BE9C-1879-48E3-B4E4-EA9D3426C100}.Release|Any CPU.Build.0 = Release|Any CPU
	EndGlobalSection
	GlobalSection(SolutionProperties) = preSolution
		HideSolutionNode = FALSE
	EndGlobalSection
	GlobalSection(ExtensibilityGlobals) = postSolution
		SolutionGuid = {C2385B05-9D0C-44EC-90A2-235DE83FF200}
	EndGlobalSection
EndGlobal
