
Microsoft Visual Studio Solution File, Format Version 12.00
# Visual Studio 15
VisualStudioVersion = 15.0.26730.16
MinimumVisualStudioVersion = 10.0.40219.1
Project("{FAE04EC0-301F-11D3-BF4B-00C04F79EFBC}") = "projekt-pa-Dorian1996", "projekt-pa-Dorian1996.csproj", "{1058B7B3-01D6-4C1E-8E15-D25C10020EA6}"
EndProject
Global
	GlobalSection(SolutionConfigurationPlatforms) = preSolution
		Debug|Any CPU = Debug|Any CPU
		Release|Any CPU = Release|Any CPU
	EndGlobalSection
	GlobalSection(ProjectConfigurationPlatforms) = postSolution
		{1058B7B3-01D6-4C1E-8E15-D25C10020EA6}.Debug|Any CPU.ActiveCfg = Debug|Any CPU
		{1058B7B3-01D6-4C1E-8E15-D25C10020EA6}.Debug|Any CPU.Build.0 = Debug|Any CPU
		{1058B7B3-01D6-4C1E-8E15-D25C10020EA6}.Release|Any CPU.ActiveCfg = Release|Any CPU
		{1058B7B3-01D6-4C1E-8E15-D25C10020EA6}.Release|Any CPU.Build.0 = Release|Any CPU
	EndGlobalSection
	GlobalSection(SolutionProperties) = preSolution
		HideSolutionNode = FALSE
	EndGlobalSection
	GlobalSection(ExtensibilityGlobals) = postSolution
		SolutionGuid = {821B369E-524D-4674-B951-39D20DAB5FA7}
	EndGlobalSection
EndGlobal
