
Microsoft Visual Studio Solution File, Format Version 12.00
# Visual Studio 15
VisualStudioVersion = 15.0.26730.16
MinimumVisualStudioVersion = 10.0.40219.1
Project("{FAE04EC0-301F-11D3-BF4B-00C04F79EFBC}") = "TestCSharp", "TestCSharp\TestCSharp.csproj", "{6A190D23-B14B-42EE-B416-C06FA7D1446F}"
EndProject
Global
	GlobalSection(SolutionConfigurationPlatforms) = preSolution
		Debug|Any CPU = Debug|Any CPU
		Release|Any CPU = Release|Any CPU
	EndGlobalSection
	GlobalSection(ProjectConfigurationPlatforms) = postSolution
		{6A190D23-B14B-42EE-B416-C06FA7D1446F}.Debug|Any CPU.ActiveCfg = Debug|Any CPU
		{6A190D23-B14B-42EE-B416-C06FA7D1446F}.Debug|Any CPU.Build.0 = Debug|Any CPU
		{6A190D23-B14B-42EE-B416-C06FA7D1446F}.Release|Any CPU.ActiveCfg = Release|Any CPU
		{6A190D23-B14B-42EE-B416-C06FA7D1446F}.Release|Any CPU.Build.0 = Release|Any CPU
	EndGlobalSection
	GlobalSection(SolutionProperties) = preSolution
		HideSolutionNode = FALSE
	EndGlobalSection
	GlobalSection(ExtensibilityGlobals) = postSolution
		SolutionGuid = {D9E05ADB-AF20-4FD3-885B-3C109A13E3ED}
	EndGlobalSection
EndGlobal
